{
  "object": {
    "pins": [
      {
        "package": "JNI",
        "repositoryURL": "https://github.com/SwiftAndroid/swift-jni.git",
        "state": {
          "branch": null,
          "revision": "955bf5955d98d18215520f3b4c69834ac9195dff",
          "version": "1.2.0"
        }
      }
    ]
  },
  "version": 1
}
