{
  "object": {
    "pins": [
      {
        "package": "JNI",
        "repositoryURL": "https://github.com/SwiftAndroid/swift-jni.git",
        "state": {
          "branch": null,
          "revision": "882bca20490d063ecbe160907cbae7d9678c1576",
          "version": "1.3.0"
        }
      }
    ]
  },
  "version": 1
}
